# This file was autogenerated by uv via the following command:
#    uv pip compile tools/webgpu/requirements.in --python-version 3.11 --python-platform x86_64-manylinux_2_28 --generate-hashes --no-emit-index-url --output-file tools/webgpu/requirements.lock
flatbuffers==25.12.19 \
    --hash=sha256:7634f50c427838bb021c2d66a3d1168e9d199b0607e6329399f04846d42e20b4
    # via onnxruntime
mpmath==1.3.0 \
    --hash=sha256:7a28eb2a9774d00c7bc92411c19a89209d5da7c4c9a9e227be8330a23a25b91f \
    --hash=sha256:a0b2b9fe80bbcd81a6647ff13108738cfb482d481d826cc0e02f5b35e5c88d2c
    # via sympy
numpy==2.4.6 \
    --hash=sha256:001fbb8e08d942dd57599e781f2472269ee7f2755fae407b4f67b2f0b17da3f1 \
    --hash=sha256:0280e0356c0829a18d9de1cb7eee50ec22ca639878d7240307ca0943d73cd2c4 \
    --hash=sha256:043191bfa8eab18c776647b62723ac9dddece59743b13f49b2016094129c2b3f \
    --hash=sha256:06ca2f61ec4385a07a6977c55ba998a4466c123642b4a32694d3128fce18c079 \
    --hash=sha256:0a041d3d761dc3c35cc56ce0351506a02bcbc25f7b169f652435141a17db9096 \
    --hash=sha256:0ab0a9c4ffb1a6d95ef519fe4247dba8eb6b18ad93999f76b7f657039acabd47 \
    --hash=sha256:0c9136e14ed34a9e343a31c533d78a9813a69a3148332bce5e9821cb2f996e66 \
    --hash=sha256:110f8b71aacb688ec69062bb7f6938a0f8acb01b7c1c4beb453c65b6d234584d \
    --hash=sha256:112b06a867b235ef466ed3508ddf0238050df9c727cafb5301ac385b899189a1 \
    --hash=sha256:17f9ade344e7d9b464a084d69bcf18fc691cb1db67c62ed80820bf4926d78f0e \
    --hash=sha256:1e254a00cdf42b1e4d5b3d68d33af63268d41340d8885df2ab6470f2e1500147 \
    --hash=sha256:1e978ec1e8bd0e0e4de6bb75de9d30cbb74db6b6a2bb727618613703ca0167dd \
    --hash=sha256:25c692919ac5a01f170a3bfcd62d745b24fd095c353d50812637d6fcab442e75 \
    --hash=sha256:260a5d70215b61ab4fadf5c7baacd64821842975eea312125ed3c39a6391b063 \
    --hash=sha256:2803abfebfc990042cd494d8ce2d5f82e9d847af6d35ec486923aa19dbad5e73 \
    --hash=sha256:29a287e0cf63ff528da061de6b9f64a4618da591ca1046aafc54062e40ca7eab \
    --hash=sha256:29cb7f67d10b479ff07c17d33e39f78c07f71c40ef30d63c153d340e96cd3fb4 \
    --hash=sha256:3213d622a0283a39a93d188f3cf72b26862df52fbb4ca3697f51705016523d41 \
    --hash=sha256:33111801a01c12a8a1e3721f0a9232f8cfc8ae2c6b7098167e6f623c6073f402 \
    --hash=sha256:357cc07a6d7b0b182ff02249616a03742827ebb1277546b5c7cd7f7620a45698 \
    --hash=sha256:38efbc8de75c7a0fc1ac190162d892787f3f47b57cc291231aafee36b80982b7 \
    --hash=sha256:4081eb135ac24158bd51cdfbef16f1c64df7063b1143f24731387137c092bec8 \
    --hash=sha256:40fdc1ae7125e518ea98e53e69a4ebc27e1fd50510c47b7ea130cf21e5e1d42b \
    --hash=sha256:4cfe66903cc32a9921a6733d96b19bb6abf310397581bbad89c228f5abaf0ee8 \
    --hash=sha256:511dbaf848decaaaf4b4ca48032619fb3138710c4bf7da7617765edad1ef96b0 \
    --hash=sha256:55cced7c52e981362f708ad635198e97a752dfba412cc03c23bbf3bd8d5cd662 \
    --hash=sha256:56b39e5e0622a09a25bf5baf62f4bcf0cb8a41ae6e2819cf49bbc5a74c083f91 \
    --hash=sha256:5dbbdb29840ca3d91ee0fece42fc29278886d908280bfec0a5846c6f901a3eb0 \
    --hash=sha256:5f9fb9157b4ce2971008323afe46053787b526ef624fea915b261468a8421a0f \
    --hash=sha256:6180d8b35af935aed8ece3a85e0a43f87393ae0ac87c8d2c8bd2c993f7270ef3 \
    --hash=sha256:68a5124b13fa6cc2086764a20005d30bc0548146f7f5322f02fce212ca14317f \
    --hash=sha256:68bb27509ac1b9a3443094260f6326150663b06abe40b73a2f81160623da5b67 \
    --hash=sha256:6f41ae150c4e32db4f3310cdaf64b1593a03dbabe29eec77fc9b50fe64061df6 \
    --hash=sha256:7265a2f3d436e54ef9f2b52b5c937e6be778781bd97a590319d7348f1c1ca997 \
    --hash=sha256:72fbe16c6fac95aedf5937fa873445cec2110be35d8a4e9433d7501fd98dae6b \
    --hash=sha256:7d92c3819208a60205a12a245c91ad70cb0a85336659b19b834205573ac8456e \
    --hash=sha256:8155154c7c691289fe18f510b5d4657c68c67989f293f0535a91360392ff6538 \
    --hash=sha256:81a1cca95ed5bb92aa8b10dd2cdc9a0d3853a50fad926c28b5d7e8ea54389627 \
    --hash=sha256:89cd468399cfd2504718f0ba50e410dca55a170b61a02ad92bb18c8a65186e93 \
    --hash=sha256:8ad03c0965fb3c692200e74d458ca28c1dbb4ce96f9a479a8aa041ad5fabca02 \
    --hash=sha256:90f9849678c75fe7afa2d348ac842c168b0a4d3d61919687216dfc547976d853 \
    --hash=sha256:948424b06129ce883307e8cff868c31396d8dc7630a59c61d70d98dbe70f222c \
    --hash=sha256:9cd5ffd25db4e7ba6a375693b3fc0fc1791ec636c17db3720da19bde7180ec43 \
    --hash=sha256:a0df0043bdb289bde1f62da130d20df23d58b45429f752bc7a8fc5325a225ecd \
    --hash=sha256:a2c306dea656c12c68f51f4cea133cbe78ca7435eb28c735eac1d3ebe73be6e8 \
    --hash=sha256:a7830bab239b79cda9c08c2da014761cafb48da6150e1da17ac06283f43b6089 \
    --hash=sha256:a7c711e21628b52034bb5ab8d1bce291f752fcc5e92accc615778acee1ff4778 \
    --hash=sha256:aaf159caa35993cb1f56fb9b8e4610d35758e7ca005412eb1daa856a78c9c4b1 \
    --hash=sha256:ae506e6902902557576a26ff33eda8695e7ecb3cb36c3b573a0765dee114ebdb \
    --hash=sha256:b507f5c4c1d508876d1819b6bf9a49d365b96320b5d4993426b33a23ca4b8261 \
    --hash=sha256:bf162abab1c1a736333192707cef898e735a5ca00f38f27eeedf44b39d9e85eb \
    --hash=sha256:c1a2af6c6ef86344a6b0db6b97834208bf598db514f2b155042439b62605601a \
    --hash=sha256:c2d37ab77531417474168eb79d6d80b14f821a966818505d03013d0833edb7a8 \
    --hash=sha256:c4fc99836233ea196540b17ab0983aff60ed07941751930f5f4d05bc3b3b7359 \
    --hash=sha256:d581b735e177fdcdce6fed8e7e8880a3fb6ee4e3653a3ac6af01c6f4c03effc5 \
    --hash=sha256:d6da64deb6b8ed903e7560180a92f2d804ee1ba5eeb849ac2748b8c1aba1f6d7 \
    --hash=sha256:d8e8286dd7cea7895157318d1b91cdacac64c479f3cbc8dce548331728484751 \
    --hash=sha256:ddea102b48f9e339f3948bf22040944184627a30fdf7f858667673b9c5f033c8 \
    --hash=sha256:dfa20cc6ca228e6b155b11da03825975ce66aea520985dbbddf0f2a5a495c605 \
    --hash=sha256:e3e5193ef5a3dc73bceee50f7fdc2c90dbb76c42df8d8fae3d1067a583df579e \
    --hash=sha256:e3eeb0aabd6bd5ce64faae67e9935203a6991b4bc2a485a767fbafb2c5125f45 \
    --hash=sha256:e5805d5a22fd19c8ccff10a9561f9df94436b0545619ea579db2d3c35294bce2 \
    --hash=sha256:e85b752a1e912b70eaad4fafbd4d1238007ab221de2009b9a2f5ae7461239895 \
    --hash=sha256:eaf7fa2de5c0be8ae6ff8e9bea2ccd725e980541244521d8d4b5f3354a27babe \
    --hash=sha256:ebfb099f8dcf083deef3ac1ca4c1503f387cf76296fcb3816b66f5ecb5f54fdb \
    --hash=sha256:ece3d2cfe132e7d51f44a832b303895e6f2d499c5e74dfbdb06ee246147a304a \
    --hash=sha256:ed9749eef4cbd126da3dc1d6bcb3a57f5eb7ac6a6484146bdbf743f552dfc577 \
    --hash=sha256:ede83e07a75dd06bc501566c1eca2afc0d61677c1472ac9ad93fdee6e638a48d \
    --hash=sha256:ef4aea96ce4d3b074422cb4f2f64e216bf9e213004bb58ecfdf50ea02ea8eb9a \
    --hash=sha256:f3a3570c4a2a16746ac2c31a7c7c7b0c186b95ce902e33db6f28094ed7387dda \
    --hash=sha256:f407cb6b8e9d6d8c626bc73c945db1706035af8fd632295547bf1c9e46d092d6 \
    --hash=sha256:f74a575920ab21fe304421a3fc28793d82e299cae9eccb37084e9fc7f3617c20
    # via
    #   onnx
    #   onnxruntime
onnx==1.18.0 \
    --hash=sha256:030d9f5f878c5f4c0ff70a4545b90d7812cd6bfe511de2f3e469d3669c8cff95 \
    --hash=sha256:102c04edc76b16e9dfeda5a64c1fccd7d3d2913b1544750c01d38f1ac3c04e05 \
    --hash=sha256:230b0fb615e5b798dc4a3718999ec1828360bc71274abd14f915135eab0255f1 \
    --hash=sha256:2bd5c0c55669b6d8f12e859cc27f3a631fe58730871b21f001527e1d56219e2a \
    --hash=sha256:2f4d37b0b5c96a873887652d1cbf3f3c70821b8c66302d84b0f0d89dd6e47653 \
    --hash=sha256:3c137eecf6bc618c2f9398bcc381474b55c817237992b169dfe728e169549e8f \
    --hash=sha256:3d8dbf9e996629131ba3aa1afd1d8239b660d1f830c6688dd7e03157cccd6b9c \
    --hash=sha256:4a3b50d94620e2c7c1404d1d59bc53e665883ae3fecbd856cc86da0639fd0fc3 \
    --hash=sha256:4c8c4bbda760c654e65eaffddb1a7de71ec02e60092d33f9000521f897c99be9 \
    --hash=sha256:521bac578448667cbb37c50bf05b53c301243ede8233029555239930996a625b \
    --hash=sha256:6acafb3823238bbe8f4340c7ac32fb218689442e074d797bee1c5c9a02fdae75 \
    --hash=sha256:6c093ffc593e07f7e33862824eab9225f86aa189c048dd43ffde207d7041a55f \
    --hash=sha256:6f91930c1a284135db0f891695a263fc876466bf2afbd2215834ac08f600cfca \
    --hash=sha256:73160799472e1a86083f786fecdf864cf43d55325492a9b5a1cfa64d8a523ecc \
    --hash=sha256:735e06d8d0cf250dc498f54038831401063c655a8d6e5975b2527a4e7d24be3e \
    --hash=sha256:7839bf2adb494e46ccf375a7936b5d9e241b63e1a84254f3eb2e2e184e3292c8 \
    --hash=sha256:8521544987d713941ee1e591520044d35e702f73dc87e91e6d4b15a064ae813d \
    --hash=sha256:911b37d724a5d97396f3c2ef9ea25361c55cbc9aa18d75b12a52b620b67145af \
    --hash=sha256:9235b3493951e11e75465d56f4cd97e3e9247f096160dd3466bfabe4cbc938bc \
    --hash=sha256:99afac90b4cdb1471432203c3c1f74e16549c526df27056d39f41a9a47cfb4af \
    --hash=sha256:a186b1518450e04dc3679da315a663a56429418e7ccfd947d721de9bd710b0ea \
    --hash=sha256:a3ff1735f99589be4f311eb586f2b949998614a82fb6261ae6af5a29879b9375 \
    --hash=sha256:a5810194f0f6be2e58c8d6dedc6119510df7a14280dd07ed5f0f0a85bd74816a \
    --hash=sha256:a69afd0baa372162948b52c13f3aa2730123381edf926d7ef3f68ca7cec6d0d0 \
    --hash=sha256:aa1b7483fac6cdec26922174fc4433f8f5c2f239b1133c5625063bb3b35957d0 \
    --hash=sha256:bfb1f271b1523b29f324bfd223f6a4cfbdc5a2f2f16e73563671932d33663365 \
    --hash=sha256:dc22abacfb0d3cd024d6ab784cb5eb5aca9c966a791e8e13b1a4ecb93ddb47d3 \
    --hash=sha256:e03071041efd82e0317b3c45433b2f28146385b80f26f82039bc68048ac1a7a0 \
    --hash=sha256:e189652dad6e70a0465035c55cc565c27aa38803dd4f4e74e4b952ee1c2de94b \
    --hash=sha256:e4da451bf1c5ae381f32d430004a89f0405bc57a8471b0bddb6325a5b334aa40 \
    --hash=sha256:ee159b41a3ae58d9c7341cf432fc74b96aaf50bd7bb1160029f657b40dc69715
    # via -r tools/webgpu/requirements.in
onnxruntime==1.24.4 \
    --hash=sha256:046ff290045a387676941a02a8ae5c3ebec6b4f551ae228711968c4a69d8f6b7 \
    --hash=sha256:0bdfce8e9a6497cec584aab407b71bf697dac5e1b7b7974adc50bf7533bdb3a2 \
    --hash=sha256:0d640eb9f3782689b55cfa715094474cd5662f2f137be6a6f847a594b6e9705c \
    --hash=sha256:14ed1f197fab812b695a5eaddb536c635e58a2fbbe50a517c78f082cc6ce9177 \
    --hash=sha256:1700f559c8086d06b2a4d5de51e62cb4ff5e2631822f71a36db8c72383db71ee \
    --hash=sha256:1a5c5a544b22f90859c88617ecb30e161ee3349fcc73878854f43d77f00558b5 \
    --hash=sha256:311e309f573bf3c12aa5723e23823077f83d5e412a18499d4485c7eb41040858 \
    --hash=sha256:3b6ba8b0181a3aa88edab00eb01424ffc06f42e71095a91186c2249415fcff93 \
    --hash=sha256:3f0b910e86b759a4732663ec61fd57ac42ee1b0066f68299de164220b660546d \
    --hash=sha256:4c74e268dc808e61e63784d43f9ddcdaf50a776c2819e8bd1d1b11ef64bf7e36 \
    --hash=sha256:535b29475ca42b593c45fbb2152fbf1cdf3f287315bf650e6a724a0a1d065cdb \
    --hash=sha256:71d6a5c1821d6e8586a024000ece458db8f2fc0ecd050435d45794827ce81e19 \
    --hash=sha256:aa12ddc54c9c4594073abcaa265cd9681e95fb89dae982a6f508a794ca42e661 \
    --hash=sha256:b43b63eb24a2bc8fc77a09be67587a570967a412cccb837b6245ccb546691153 \
    --hash=sha256:cad1c2b3f455c55678ab2a8caa51fb420c25e6e3cf10f4c23653cdabedc8de78 \
    --hash=sha256:dc4aaed1e5e1aaacf2343c838a30a7c3ade78f13eeb16817411f929d04040a13 \
    --hash=sha256:e1cc6a518255f012134bc791975a6294806be9a3b20c4a54cca25194c90cf731 \
    --hash=sha256:e26478356dba25631fb3f20112e345f8e8bf62c499bb497e8a559f7d69cf7e7b \
    --hash=sha256:e2b7969e72d8cb53ffc88ab6d49dd5e75c1c663bda7be7eb0ece192f127343d1 \
    --hash=sha256:e30c972bc02e072911aabb6891453ec73795386c0af2b761b65444b8a4c4745f \
    --hash=sha256:e54ad52e61d2d4618dcff8fa1480ac66b24ee2eab73331322db1049f11ccf330 \
    --hash=sha256:e6214096e14b7b52e3bee1903dc12dc7ca09cb65e26664668a4620cc5e6f9a90 \
    --hash=sha256:e99a48078baaefa2b50fe5836c319499f71f13f76ed32d0211f39109147a49e0 \
    --hash=sha256:fbff2a248940e3398ae78374c5a839e49a2f39079b488bc64439fa0ec327a3e4
    # via -r tools/webgpu/requirements.in
packaging==26.2 \
    --hash=sha256:5fc45236b9446107ff2415ce77c807cee2862cb6fac22b8a73826d0693b0980e \
    --hash=sha256:ff452ff5a3e828ce110190feff1178bb1f2ea2281fa2075aadb987c2fb221661
    # via onnxruntime
protobuf==7.35.1 \
    --hash=sha256:11d6b0ec246892d85215b0a13ca6e0233cf5284b68f0ac02646427f4ff88a799 \
    --hash=sha256:230a75ddfc2de4806e56696ce9640c1cdfdb6543b7cfce98d42a4c0a0e7bdb87 \
    --hash=sha256:24f857477359a85c0c235261b8ba905fd51b2562f4a64ca1df5473f29850cbf6 \
    --hash=sha256:353652e4efd0bca5b5fc2656abf8307ef351f0cf938c9eba09f0e09c20a25c30 \
    --hash=sha256:4bc97768d8fe4ad6743c8a19403e314511ed9f6d13205b687e52421c023ac1b9 \
    --hash=sha256:74758715c53d7158fb76caf4f0cfdacc5329a4b1bb994f865d6cf302d413a1c4 \
    --hash=sha256:b73f9489a4b8b1c9cb1f8ed951c736392592edb24b9d6819f36d2e10b171d5b4 \
    --hash=sha256:ce115a26fe0c39a2c29973d914d327e516a6455464489fe3cd1e51a1b354f81a
    # via
    #   onnx
    #   onnxruntime
sympy==1.14.0 \
    --hash=sha256:d3d3fe8df1e5a0b42f0e7bdf50541697dbe7d23746e894990c030e2b05e72517 \
    --hash=sha256:e091cc3e99d2141a0ba2847328f5479b05d94a6635cb96148ccb3f34671bd8f5
    # via onnxruntime
typing-extensions==4.16.0 \
    --hash=sha256:481caa481374e813c1b176ada14e97f1f67a4539ce9cfeb3f350d78d6370c2e8 \
    --hash=sha256:dc983d19a509c94dba722ee6abd33940f7c05a89e243c47e907eb4db6f1a43e5
    # via onnx
